// !$*UTF8*$!
{
	archiveVersion = 1;
	classes = {
	};
	objectVersion = 50;
	objects = {

/* Begin PBXBuildFile section */
		D828F7F92196186800D5FBFD /* Card.swift in Sources */ = {isa = PBXBuildFile; fileRef = D828F7F82196186800D5FBFD /* Card.swift */; };
		D8E7CA7C2196930600E6A0D9 /* CardModelTest.swift in Sources */ = {isa = PBXBuildFile; fileRef = D8E7CA7B2196930600E6A0D9 /* CardModelTest.swift */; };
		D8E7CA7E2196931200E6A0D9 /* AdditionCard.swift in Sources */ = {isa = PBXBuildFile; fileRef = D8E7CA7D2196931200E6A0D9 /* AdditionCard.swift */; };
		D8E7CA802196931C00E6A0D9 /* AdditionCardTest.swift in Sources */ = {isa = PBXBuildFile; fileRef = D8E7CA7F2196931C00E6A0D9 /* AdditionCardTest.swift */; };
		D8E7CA822196939700E6A0D9 /* CardPresenterTest.swift in Sources */ = {isa = PBXBuildFile; fileRef = D8E7CA812196939700E6A0D9 /* CardPresenterTest.swift */; };
		D8E7CA842196951B00E6A0D9 /* CardTest.swift in Sources */ = {isa = PBXBuildFile; fileRef = D8E7CA832196951B00E6A0D9 /* CardTest.swift */; };
		D8EA8C3C2194AAF700B1D9D7 /* AppDelegate.swift in Sources */ = {isa = PBXBuildFile; fileRef = D8EA8C3B2194AAF700B1D9D7 /* AppDelegate.swift */; };
		D8EA8C3E2194AAF700B1D9D7 /* ViewController.swift in Sources */ = {isa = PBXBuildFile; fileRef = D8EA8C3D2194AAF700B1D9D7 /* ViewController.swift */; };
		D8EA8C432194AAF800B1D9D7 /* Assets.xcassets in Resources */ = {isa = PBXBuildFile; fileRef = D8EA8C422194AAF800B1D9D7 /* Assets.xcassets */; };
		D8EA8C462194AAF800B1D9D7 /* LaunchScreen.storyboard in Resources */ = {isa = PBXBuildFile; fileRef = D8EA8C442194AAF800B1D9D7 /* LaunchScreen.storyboard */; };
		D8EA8C5D219538D800B1D9D7 /* CardController.swift in Sources */ = {isa = PBXBuildFile; fileRef = D8EA8C5C219538D800B1D9D7 /* CardController.swift */; };
		D8EA8C612195392D00B1D9D7 /* CardView.swift in Sources */ = {isa = PBXBuildFile; fileRef = D8EA8C602195392D00B1D9D7 /* CardView.swift */; };
		D8EA8C632195394B00B1D9D7 /* CardPresenter.swift in Sources */ = {isa = PBXBuildFile; fileRef = D8EA8C622195394B00B1D9D7 /* CardPresenter.swift */; };
		D8EA8C652195395400B1D9D7 /* CardModel.swift in Sources */ = {isa = PBXBuildFile; fileRef = D8EA8C642195395400B1D9D7 /* CardModel.swift */; };
/* End PBXBuildFile section */

/* Begin PBXContainerItemProxy section */
		D8EA8C4D2194AAF800B1D9D7 /* PBXContainerItemProxy */ = {
			isa = PBXContainerItemProxy;
			containerPortal = D8EA8C302194AAF700B1D9D7 /* Project object */;
			proxyType = 1;
			remoteGlobalIDString = D8EA8C372194AAF700B1D9D7;
			remoteInfo = AudioFlashCards;
		};
/* End PBXContainerItemProxy section */

/* Begin PBXFileReference section */
		D828F7F82196186800D5FBFD /* Card.swift */ = {isa = PBXFileReference; lastKnownFileType = sourcecode.swift; path = Card.swift; sourceTree = "<group>"; };
		D8E7CA7B2196930600E6A0D9 /* CardModelTest.swift */ = {isa = PBXFileReference; fileEncoding = 4; lastKnownFileType = sourcecode.swift; path = CardModelTest.swift; sourceTree = "<group>"; };
		D8E7CA7D2196931200E6A0D9 /* AdditionCard.swift */ = {isa = PBXFileReference; fileEncoding = 4; lastKnownFileType = sourcecode.swift; path = AdditionCard.swift; sourceTree = "<group>"; };
		D8E7CA7F2196931C00E6A0D9 /* AdditionCardTest.swift */ = {isa = PBXFileReference; fileEncoding = 4; lastKnownFileType = sourcecode.swift; path = AdditionCardTest.swift; sourceTree = "<group>"; };
		D8E7CA812196939700E6A0D9 /* CardPresenterTest.swift */ = {isa = PBXFileReference; lastKnownFileType = sourcecode.swift; path = CardPresenterTest.swift; sourceTree = "<group>"; };
		D8E7CA832196951B00E6A0D9 /* CardTest.swift */ = {isa = PBXFileReference; lastKnownFileType = sourcecode.swift; path = CardTest.swift; sourceTree = "<group>"; };
		D8EA8C382194AAF700B1D9D7 /* AudioFlashCards.app */ = {isa = PBXFileReference; explicitFileType = wrapper.application; includeInIndex = 0; path = AudioFlashCards.app; sourceTree = BUILT_PRODUCTS_DIR; };
		D8EA8C3B2194AAF700B1D9D7 /* AppDelegate.swift */ = {isa = PBXFileReference; lastKnownFileType = sourcecode.swift; path = AppDelegate.swift; sourceTree = "<group>"; };
		D8EA8C3D2194AAF700B1D9D7 /* ViewController.swift */ = {isa = PBXFileReference; lastKnownFileType = sourcecode.swift; path = ViewController.swift; sourceTree = "<group>"; };
		D8EA8C422194AAF800B1D9D7 /* Assets.xcassets */ = {isa = PBXFileReference; lastKnownFileType = folder.assetcatalog; path = Assets.xcassets; sourceTree = "<group>"; };
		D8EA8C452194AAF800B1D9D7 /* Base */ = {isa = PBXFileReference; lastKnownFileType = file.storyboard; name = Base; path = Base.lproj/LaunchScreen.storyboard; sourceTree = "<group>"; };
		D8EA8C472194AAF800B1D9D7 /* Info.plist */ = {isa = PBXFileReference; lastKnownFileType = text.plist.xml; path = Info.plist; sourceTree = "<group>"; };
		D8EA8C4C2194AAF800B1D9D7 /* AudioFlashCardsTests.xctest */ = {isa = PBXFileReference; explicitFileType = wrapper.cfbundle; includeInIndex = 0; path = AudioFlashCardsTests.xctest; sourceTree = BUILT_PRODUCTS_DIR; };
		D8EA8C522194AAF800B1D9D7 /* Info.plist */ = {isa = PBXFileReference; lastKnownFileType = text.plist.xml; path = Info.plist; sourceTree = "<group>"; };
		D8EA8C5C219538D800B1D9D7 /* CardController.swift */ = {isa = PBXFileReference; lastKnownFileType = sourcecode.swift; path = CardController.swift; sourceTree = "<group>"; };
		D8EA8C602195392D00B1D9D7 /* CardView.swift */ = {isa = PBXFileReference; lastKnownFileType = sourcecode.swift; path = CardView.swift; sourceTree = "<group>"; };
		D8EA8C622195394B00B1D9D7 /* CardPresenter.swift */ = {isa = PBXFileReference; lastKnownFileType = sourcecode.swift; path = CardPresenter.swift; sourceTree = "<group>"; };
		D8EA8C642195395400B1D9D7 /* CardModel.swift */ = {isa = PBXFileReference; lastKnownFileType = sourcecode.swift; path = CardModel.swift; sourceTree = "<group>"; };
/* End PBXFileReference section */

/* Begin PBXFrameworksBuildPhase section */
		D8EA8C352194AAF700B1D9D7 /* Frameworks */ = {
			isa = PBXFrameworksBuildPhase;
			buildActionMask = 2147483647;
			files = (
			);
			runOnlyForDeploymentPostprocessing = 0;
		};
		D8EA8C492194AAF800B1D9D7 /* Frameworks */ = {
			isa = PBXFrameworksBuildPhase;
			buildActionMask = 2147483647;
			files = (
			);
			runOnlyForDeploymentPostprocessing = 0;
		};
/* End PBXFrameworksBuildPhase section */

/* Begin PBXGroup section */
		D828F7F72196183800D5FBFD /* Models */ = {
			isa = PBXGroup;
			children = (
				D8E7CA7D2196931200E6A0D9 /* AdditionCard.swift */,
				D8E7CA7F2196931C00E6A0D9 /* AdditionCardTest.swift */,
				D828F7F82196186800D5FBFD /* Card.swift */,
				D8E7CA832196951B00E6A0D9 /* CardTest.swift */,
			);
			path = Models;
			sourceTree = "<group>";
		};
		D8EA8C2F2194AAF700B1D9D7 = {
			isa = PBXGroup;
			children = (
				D8EA8C3A2194AAF700B1D9D7 /* AudioFlashCards */,
				D8EA8C4F2194AAF800B1D9D7 /* AudioFlashCardsTests */,
				D8EA8C392194AAF700B1D9D7 /* Products */,
			);
			sourceTree = "<group>";
		};
		D8EA8C392194AAF700B1D9D7 /* Products */ = {
			isa = PBXGroup;
			children = (
				D8EA8C382194AAF700B1D9D7 /* AudioFlashCards.app */,
				D8EA8C4C2194AAF800B1D9D7 /* AudioFlashCardsTests.xctest */,
			);
			name = Products;
			sourceTree = "<group>";
		};
		D8EA8C3A2194AAF700B1D9D7 /* AudioFlashCards */ = {
			isa = PBXGroup;
			children = (
				D8EA8C3B2194AAF700B1D9D7 /* AppDelegate.swift */,
				D828F7F72196183800D5FBFD /* Models */,
				D8EA8C5B2195351600B1D9D7 /* Resources */,
				D8EA8C5E2195391000B1D9D7 /* Screens */,
				D8EA8C3D2194AAF700B1D9D7 /* ViewController.swift */,
			);
			path = AudioFlashCards;
			sourceTree = "<group>";
		};
		D8EA8C4F2194AAF800B1D9D7 /* AudioFlashCardsTests */ = {
			isa = PBXGroup;
			children = (
				D8EA8C522194AAF800B1D9D7 /* Info.plist */,
			);
			path = AudioFlashCardsTests;
			sourceTree = "<group>";
		};
		D8EA8C5B2195351600B1D9D7 /* Resources */ = {
			isa = PBXGroup;
			children = (
				D8EA8C422194AAF800B1D9D7 /* Assets.xcassets */,
				D8EA8C472194AAF800B1D9D7 /* Info.plist */,
				D8EA8C442194AAF800B1D9D7 /* LaunchScreen.storyboard */,
			);
			path = Resources;
			sourceTree = "<group>";
		};
		D8EA8C5E2195391000B1D9D7 /* Screens */ = {
			isa = PBXGroup;
			children = (
				D8EA8C5F2195391A00B1D9D7 /* Card */,
			);
			path = Screens;
			sourceTree = "<group>";
		};
		D8EA8C5F2195391A00B1D9D7 /* Card */ = {
			isa = PBXGroup;
			children = (
				D8EA8C5C219538D800B1D9D7 /* CardController.swift */,
				D8EA8C642195395400B1D9D7 /* CardModel.swift */,
				D8E7CA7B2196930600E6A0D9 /* CardModelTest.swift */,
				D8EA8C622195394B00B1D9D7 /* CardPresenter.swift */,
				D8E7CA812196939700E6A0D9 /* CardPresenterTest.swift */,
				D8EA8C602195392D00B1D9D7 /* CardView.swift */,
			);
			path = Card;
			sourceTree = "<group>";
		};
/* End PBXGroup section */

/* Begin PBXNativeTarget section */
		D8EA8C372194AAF700B1D9D7 /* AudioFlashCards */ = {
			isa = PBXNativeTarget;
			buildConfigurationList = D8EA8C552194AAF900B1D9D7 /* Build configuration list for PBXNativeTarget "AudioFlashCards" */;
			buildPhases = (
				D8EA8C342194AAF700B1D9D7 /* Sources */,
				D8EA8C352194AAF700B1D9D7 /* Frameworks */,
				D8EA8C362194AAF700B1D9D7 /* Resources */,
			);
			buildRules = (
			);
			dependencies = (
			);
			name = AudioFlashCards;
			productName = AudioFlashCards;
			productReference = D8EA8C382194AAF700B1D9D7 /* AudioFlashCards.app */;
			productType = "com.apple.product-type.application";
		};
		D8EA8C4B2194AAF800B1D9D7 /* AudioFlashCardsTests */ = {
			isa = PBXNativeTarget;
			buildConfigurationList = D8EA8C582194AAF900B1D9D7 /* Build configuration list for PBXNativeTarget "AudioFlashCardsTests" */;
			buildPhases = (
				D8EA8C482194AAF800B1D9D7 /* Sources */,
				D8EA8C492194AAF800B1D9D7 /* Frameworks */,
				D8EA8C4A2194AAF800B1D9D7 /* Resources */,
			);
			buildRules = (
			);
			dependencies = (
				D8EA8C4E2194AAF800B1D9D7 /* PBXTargetDependency */,
			);
			name = AudioFlashCardsTests;
			productName = AudioFlashCardsTests;
			productReference = D8EA8C4C2194AAF800B1D9D7 /* AudioFlashCardsTests.xctest */;
			productType = "com.apple.product-type.bundle.unit-test";
		};
/* End PBXNativeTarget section */

/* Begin PBXProject section */
		D8EA8C302194AAF700B1D9D7 /* Project object */ = {
			isa = PBXProject;
			attributes = {
				LastSwiftUpdateCheck = 1010;
				LastUpgradeCheck = 1010;
				ORGANIZATIONNAME = "Justin LeBlanc";
				TargetAttributes = {
					D8EA8C372194AAF700B1D9D7 = {
						CreatedOnToolsVersion = 10.1;
					};
					D8EA8C4B2194AAF800B1D9D7 = {
						CreatedOnToolsVersion = 10.1;
						LastSwiftMigration = 1010;
						TestTargetID = D8EA8C372194AAF700B1D9D7;
					};
				};
			};
			buildConfigurationList = D8EA8C332194AAF700B1D9D7 /* Build configuration list for PBXProject "AudioFlashCards" */;
			compatibilityVersion = "Xcode 9.3";
			developmentRegion = en;
			hasScannedForEncodings = 0;
			knownRegions = (
				en,
				Base,
			);
			mainGroup = D8EA8C2F2194AAF700B1D9D7;
			productRefGroup = D8EA8C392194AAF700B1D9D7 /* Products */;
			projectDirPath = "";
			projectRoot = "";
			targets = (
				D8EA8C372194AAF700B1D9D7 /* AudioFlashCards */,
				D8EA8C4B2194AAF800B1D9D7 /* AudioFlashCardsTests */,
			);
		};
/* End PBXProject section */

/* Begin PBXResourcesBuildPhase section */
		D8EA8C362194AAF700B1D9D7 /* Resources */ = {
			isa = PBXResourcesBuildPhase;
			buildActionMask = 2147483647;
			files = (
				D8EA8C462194AAF800B1D9D7 /* LaunchScreen.storyboard in Resources */,
				D8EA8C432194AAF800B1D9D7 /* Assets.xcassets in Resources */,
			);
			runOnlyForDeploymentPostprocessing = 0;
		};
		D8EA8C4A2194AAF800B1D9D7 /* Resources */ = {
			isa = PBXResourcesBuildPhase;
			buildActionMask = 2147483647;
			files = (
			);
			runOnlyForDeploymentPostprocessing = 0;
		};
/* End PBXResourcesBuildPhase section */

/* Begin PBXSourcesBuildPhase section */
		D8EA8C342194AAF700B1D9D7 /* Sources */ = {
			isa = PBXSourcesBuildPhase;
			buildActionMask = 2147483647;
			files = (
				D8EA8C3E2194AAF700B1D9D7 /* ViewController.swift in Sources */,
				D8EA8C3C2194AAF700B1D9D7 /* AppDelegate.swift in Sources */,
				D828F7F92196186800D5FBFD /* Card.swift in Sources */,
				D8E7CA7E2196931200E6A0D9 /* AdditionCard.swift in Sources */,
				D8EA8C612195392D00B1D9D7 /* CardView.swift in Sources */,
				D8EA8C5D219538D800B1D9D7 /* CardController.swift in Sources */,
				D8EA8C632195394B00B1D9D7 /* CardPresenter.swift in Sources */,
				D8EA8C652195395400B1D9D7 /* CardModel.swift in Sources */,
			);
			runOnlyForDeploymentPostprocessing = 0;
		};
		D8EA8C482194AAF800B1D9D7 /* Sources */ = {
			isa = PBXSourcesBuildPhase;
			buildActionMask = 2147483647;
			files = (
				D8E7CA822196939700E6A0D9 /* CardPresenterTest.swift in Sources */,
				D8E7CA7C2196930600E6A0D9 /* CardModelTest.swift in Sources */,
				D8E7CA802196931C00E6A0D9 /* AdditionCardTest.swift in Sources */,
				D8E7CA842196951B00E6A0D9 /* CardTest.swift in Sources */,
			);
			runOnlyForDeploymentPostprocessing = 0;
		};
/* End PBXSourcesBuildPhase section */

/* Begin PBXTargetDependency section */
		D8EA8C4E2194AAF800B1D9D7 /* PBXTargetDependency */ = {
			isa = PBXTargetDependency;
			target = D8EA8C372194AAF700B1D9D7 /* AudioFlashCards */;
			targetProxy = D8EA8C4D2194AAF800B1D9D7 /* PBXContainerItemProxy */;
		};
/* End PBXTargetDependency section */

/* Begin PBXVariantGroup section */
		D8EA8C442194AAF800B1D9D7 /* LaunchScreen.storyboard */ = {
			isa = PBXVariantGroup;
			children = (
				D8EA8C452194AAF800B1D9D7 /* Base */,
			);
			name = LaunchScreen.storyboard;
			sourceTree = "<group>";
		};
/* End PBXVariantGroup section */

/* Begin XCBuildConfiguration section */
		D8EA8C532194AAF900B1D9D7 /* Debug */ = {
			isa = XCBuildConfiguration;
			buildSettings = {
				ALWAYS_SEARCH_USER_PATHS = NO;
				CLANG_ANALYZER_NONNULL = YES;
				CLANG_ANALYZER_NUMBER_OBJECT_CONVERSION = YES_AGGRESSIVE;
				CLANG_CXX_LANGUAGE_STANDARD = "gnu++14";
				CLANG_CXX_LIBRARY = "libc++";
				CLANG_ENABLE_MODULES = YES;
				CLANG_ENABLE_OBJC_ARC = YES;
				CLANG_ENABLE_OBJC_WEAK = YES;
				CLANG_WARN_BLOCK_CAPTURE_AUTORELEASING = YES;
				CLANG_WARN_BOOL_CONVERSION = YES;
				CLANG_WARN_COMMA = YES;
				CLANG_WARN_CONSTANT_CONVERSION = YES;
				CLANG_WARN_DEPRECATED_OBJC_IMPLEMENTATIONS = YES;
				CLANG_WARN_DIRECT_OBJC_ISA_USAGE = YES_ERROR;
				CLANG_WARN_DOCUMENTATION_COMMENTS = YES;
				CLANG_WARN_EMPTY_BODY = YES;
				CLANG_WARN_ENUM_CONVERSION = YES;
				CLANG_WARN_INFINITE_RECURSION = YES;
				CLANG_WARN_INT_CONVERSION = YES;
				CLANG_WARN_NON_LITERAL_NULL_CONVERSION = YES;
				CLANG_WARN_OBJC_IMPLICIT_RETAIN_SELF = YES;
				CLANG_WARN_OBJC_LITERAL_CONVERSION = YES;
				CLANG_WARN_OBJC_ROOT_CLASS = YES_ERROR;
				CLANG_WARN_RANGE_LOOP_ANALYSIS = YES;
				CLANG_WARN_STRICT_PROTOTYPES = YES;
				CLANG_WARN_SUSPICIOUS_MOVE = YES;
				CLANG_WARN_UNGUARDED_AVAILABILITY = YES_AGGRESSIVE;
				CLANG_WARN_UNREACHABLE_CODE = YES;
				CLANG_WARN__DUPLICATE_METHOD_MATCH = YES;
				CODE_SIGN_IDENTITY = "iPhone Developer";
				COPY_PHASE_STRIP = NO;
				DEBUG_INFORMATION_FORMAT = dwarf;
				ENABLE_STRICT_OBJC_MSGSEND = YES;
				ENABLE_TESTABILITY = YES;
				GCC_C_LANGUAGE_STANDARD = gnu11;
				GCC_DYNAMIC_NO_PIC = NO;
				GCC_NO_COMMON_BLOCKS = YES;
				GCC_OPTIMIZATION_LEVEL = 0;
				GCC_PREPROCESSOR_DEFINITIONS = (
					"DEBUG=1",
					"$(inherited)",
				);
				GCC_WARN_64_TO_32_BIT_CONVERSION = YES;
				GCC_WARN_ABOUT_RETURN_TYPE = YES_ERROR;
				GCC_WARN_UNDECLARED_SELECTOR = YES;
				GCC_WARN_UNINITIALIZED_AUTOS = YES_AGGRESSIVE;
				GCC_WARN_UNUSED_FUNCTION = YES;
				GCC_WARN_UNUSED_VARIABLE = YES;
				IPHONEOS_DEPLOYMENT_TARGET = 12.1;
				MTL_ENABLE_DEBUG_INFO = INCLUDE_SOURCE;
				MTL_FAST_MATH = YES;
				ONLY_ACTIVE_ARCH = YES;
				SDKROOT = iphoneos;
				SWIFT_ACTIVE_COMPILATION_CONDITIONS = DEBUG;
				SWIFT_OPTIMIZATION_LEVEL = "-Onone";
			};
			name = Debug;
		};
		D8EA8C542194AAF900B1D9D7 /* Release */ = {
			isa = XCBuildConfiguration;
			buildSettings = {
				ALWAYS_SEARCH_USER_PATHS = NO;
				CLANG_ANALYZER_NONNULL = YES;
				CLANG_ANALYZER_NUMBER_OBJECT_CONVERSION = YES_AGGRESSIVE;
				CLANG_CXX_LANGUAGE_STANDARD = "gnu++14";
				CLANG_CXX_LIBRARY = "libc++";
				CLANG_ENABLE_MODULES = YES;
				CLANG_ENABLE_OBJC_ARC = YES;
				CLANG_ENABLE_OBJC_WEAK = YES;
				CLANG_WARN_BLOCK_CAPTURE_AUTORELEASING = YES;
				CLANG_WARN_BOOL_CONVERSION = YES;
				CLANG_WARN_COMMA = YES;
				CLANG_WARN_CONSTANT_CONVERSION = YES;
				CLANG_WARN_DEPRECATED_OBJC_IMPLEMENTATIONS = YES;
				CLANG_WARN_DIRECT_OBJC_ISA_USAGE = YES_ERROR;
				CLANG_WARN_DOCUMENTATION_COMMENTS = YES;
				CLANG_WARN_EMPTY_BODY = YES;
				CLANG_WARN_ENUM_CONVERSION = YES;
				CLANG_WARN_INFINITE_RECURSION = YES;
				CLANG_WARN_INT_CONVERSION = YES;
				CLANG_WARN_NON_LITERAL_NULL_CONVERSION = YES;
				CLANG_WARN_OBJC_IMPLICIT_RETAIN_SELF = YES;
				CLANG_WARN_OBJC_LITERAL_CONVERSION = YES;
				CLANG_WARN_OBJC_ROOT_CLASS = YES_ERROR;
				CLANG_WARN_RANGE_LOOP_ANALYSIS = YES;
				CLANG_WARN_STRICT_PROTOTYPES = YES;
				CLANG_WARN_SUSPICIOUS_MOVE = YES;
				CLANG_WARN_UNGUARDED_AVAILABILITY = YES_AGGRESSIVE;
				CLANG_WARN_UNREACHABLE_CODE = YES;
				CLANG_WARN__DUPLICATE_METHOD_MATCH = YES;
				CODE_SIGN_IDENTITY = "iPhone Developer";
				COPY_PHASE_STRIP = NO;
				DEBUG_INFORMATION_FORMAT = "dwarf-with-dsym";
				ENABLE_NS_ASSERTIONS = NO;
				ENABLE_STRICT_OBJC_MSGSEND = YES;
				GCC_C_LANGUAGE_STANDARD = gnu11;
				GCC_NO_COMMON_BLOCKS = YES;
				GCC_WARN_64_TO_32_BIT_CONVERSION = YES;
				GCC_WARN_ABOUT_RETURN_TYPE = YES_ERROR;
				GCC_WARN_UNDECLARED_SELECTOR = YES;
				GCC_WARN_UNINITIALIZED_AUTOS = YES_AGGRESSIVE;
				GCC_WARN_UNUSED_FUNCTION = YES;
				GCC_WARN_UNUSED_VARIABLE = YES;
				IPHONEOS_DEPLOYMENT_TARGET = 12.1;
				MTL_ENABLE_DEBUG_INFO = NO;
				MTL_FAST_MATH = YES;
				SDKROOT = iphoneos;
				SWIFT_COMPILATION_MODE = wholemodule;
				SWIFT_OPTIMIZATION_LEVEL = "-O";
				VALIDATE_PRODUCT = YES;
			};
			name = Release;
		};
		D8EA8C562194AAF900B1D9D7 /* Debug */ = {
			isa = XCBuildConfiguration;
			buildSettings = {
				ASSETCATALOG_COMPILER_APPICON_NAME = AppIcon;
				CODE_SIGN_STYLE = Automatic;
				DEVELOPMENT_TEAM = FKV43WU88G;
				INFOPLIST_FILE = AudioFlashCards/Resources/Info.plist;
				LD_RUNPATH_SEARCH_PATHS = (
					"$(inherited)",
					"@executable_path/Frameworks",
				);
				PRODUCT_BUNDLE_IDENTIFIER = com.dangcold.AudioFlashCards;
				PRODUCT_NAME = "$(TARGET_NAME)";
				SWIFT_VERSION = 4.2;
				TARGETED_DEVICE_FAMILY = "1,2";
			};
			name = Debug;
		};
		D8EA8C572194AAF900B1D9D7 /* Release */ = {
			isa = XCBuildConfiguration;
			buildSettings = {
				ASSETCATALOG_COMPILER_APPICON_NAME = AppIcon;
				CODE_SIGN_STYLE = Automatic;
				DEVELOPMENT_TEAM = FKV43WU88G;
				INFOPLIST_FILE = AudioFlashCards/Resources/Info.plist;
				LD_RUNPATH_SEARCH_PATHS = (
					"$(inherited)",
					"@executable_path/Frameworks",
				);
				PRODUCT_BUNDLE_IDENTIFIER = com.dangcold.AudioFlashCards;
				PRODUCT_NAME = "$(TARGET_NAME)";
				SWIFT_VERSION = 4.2;
				TARGETED_DEVICE_FAMILY = "1,2";
			};
			name = Release;
		};
		D8EA8C592194AAF900B1D9D7 /* Debug */ = {
			isa = XCBuildConfiguration;
			buildSettings = {
				ALWAYS_EMBED_SWIFT_STANDARD_LIBRARIES = YES;
				BUNDLE_LOADER = "$(TEST_HOST)";
				CLANG_ENABLE_MODULES = YES;
				CODE_SIGN_STYLE = Automatic;
				DEVELOPMENT_TEAM = FKV43WU88G;
				INFOPLIST_FILE = AudioFlashCardsTests/Info.plist;
				LD_RUNPATH_SEARCH_PATHS = (
					"$(inherited)",
					"@executable_path/Frameworks",
					"@loader_path/Frameworks",
				);
				PRODUCT_BUNDLE_IDENTIFIER = com.dangcold.AudioFlashCardsTests;
				PRODUCT_NAME = "$(TARGET_NAME)";
				SWIFT_OPTIMIZATION_LEVEL = "-Onone";
				SWIFT_VERSION = 4.2;
				TARGETED_DEVICE_FAMILY = "1,2";
				TEST_HOST = "$(BUILT_PRODUCTS_DIR)/AudioFlashCards.app/AudioFlashCards";
			};
			name = Debug;
		};
		D8EA8C5A2194AAF900B1D9D7 /* Release */ = {
			isa = XCBuildConfiguration;
			buildSettings = {
				ALWAYS_EMBED_SWIFT_STANDARD_LIBRARIES = YES;
				BUNDLE_LOADER = "$(TEST_HOST)";
				CLANG_ENABLE_MODULES = YES;
				CODE_SIGN_STYLE = Automatic;
				DEVELOPMENT_TEAM = FKV43WU88G;
				INFOPLIST_FILE = AudioFlashCardsTests/Info.plist;
				LD_RUNPATH_SEARCH_PATHS = (
					"$(inherited)",
					"@executable_path/Frameworks",
					"@loader_path/Frameworks",
				);
				PRODUCT_BUNDLE_IDENTIFIER = com.dangcold.AudioFlashCardsTests;
				PRODUCT_NAME = "$(TARGET_NAME)";
				SWIFT_VERSION = 4.2;
				TARGETED_DEVICE_FAMILY = "1,2";
				TEST_HOST = "$(BUILT_PRODUCTS_DIR)/AudioFlashCards.app/AudioFlashCards";
			};
			name = Release;
		};
/* End XCBuildConfiguration section */

/* Begin XCConfigurationList section */
		D8EA8C332194AAF700B1D9D7 /* Build configuration list for PBXProject "AudioFlashCards" */ = {
			isa = XCConfigurationList;
			buildConfigurations = (
				D8EA8C532194AAF900B1D9D7 /* Debug */,
				D8EA8C542194AAF900B1D9D7 /* Release */,
			);
			defaultConfigurationIsVisible = 0;
			defaultConfigurationName = Release;
		};
		D8EA8C552194AAF900B1D9D7 /* Build configuration list for PBXNativeTarget "AudioFlashCards" */ = {
			isa = XCConfigurationList;
			buildConfigurations = (
				D8EA8C562194AAF900B1D9D7 /* Debug */,
				D8EA8C572194AAF900B1D9D7 /* Release */,
			);
			defaultConfigurationIsVisible = 0;
			defaultConfigurationName = Release;
		};
		D8EA8C582194AAF900B1D9D7 /* Build configuration list for PBXNativeTarget "AudioFlashCardsTests" */ = {
			isa = XCConfigurationList;
			buildConfigurations = (
				D8EA8C592194AAF900B1D9D7 /* Debug */,
				D8EA8C5A2194AAF900B1D9D7 /* Release */,
			);
			defaultConfigurationIsVisible = 0;
			defaultConfigurationName = Release;
		};
/* End XCConfigurationList section */
	};
	rootObject = D8EA8C302194AAF700B1D9D7 /* Project object */;
}
